
Microsoft Visual Studio Solution File, Format Version 12.00
# Visual Studio Version 17
VisualStudioVersion = 17.7.34202.233
MinimumVisualStudioVersion = 10.0.40219.1
Project("{FAE04EC0-301F-11D3-BF4B-00C04F79EFBC}") = "DataReader", "DataReader\DataReader.csproj", "{8918032F-4180-4F20-83ED-193AF1690357}"
EndProject
Global
	GlobalSection(SolutionConfigurationPlatforms) = preSolution
		Debug|Any CPU = Debug|Any CPU
		Release|Any CPU = Release|Any CPU
	EndGlobalSection
	GlobalSection(ProjectConfigurationPlatforms) = postSolution
		{8918032F-4180-4F20-83ED-193AF1690357}.Debug|Any CPU.ActiveCfg = Debug|Any CPU
		{8918032F-4180-4F20-83ED-193AF1690357}.Debug|Any CPU.Build.0 = Debug|Any CPU
		{8918032F-4180-4F20-83ED-193AF1690357}.Release|Any CPU.ActiveCfg = Release|Any CPU
		{8918032F-4180-4F20-83ED-193AF1690357}.Release|Any CPU.Build.0 = Release|Any CPU
	EndGlobalSection
	GlobalSection(SolutionProperties) = preSolution
		HideSolutionNode = FALSE
	EndGlobalSection
	GlobalSection(ExtensibilityGlobals) = postSolution
		SolutionGuid = {3E946CCA-3936-43B9-AC01-7B9245ABCD57}
	EndGlobalSection
EndGlobal
